
Microsoft Visual Studio Solution File, Format Version 12.00
# Visual Studio Version 16
VisualStudioVersion = 16.0.31313.79
MinimumVisualStudioVersion = 10.0.40219.1
Project("{FAE04EC0-301F-11D3-BF4B-00C04F79EFBC}") = "Deveel.Link.Client", "src\Deveel.Link.Client\Deveel.Link.Client.csproj", "{90FCDF0A-BE64-4590-A471-75D6BD711193}"
EndProject
Project("{FAE04EC0-301F-11D3-BF4B-00C04F79EFBC}") = "Deveel.Link.Client.XUnit", "test\Deveel.Link.Client.XUnit\Deveel.Link.Client.XUnit.csproj", "{0156057E-8535-4F4F-B170-3C42DAACDFB2}"
EndProject
Global
	GlobalSection(SolutionConfigurationPlatforms) = preSolution
		Debug|Any CPU = Debug|Any CPU
		Release|Any CPU = Release|Any CPU
	EndGlobalSection
	GlobalSection(ProjectConfigurationPlatforms) = postSolution
		{90FCDF0A-BE64-4590-A471-75D6BD711193}.Debug|Any CPU.ActiveCfg = Debug|Any CPU
		{90FCDF0A-BE64-4590-A471-75D6BD711193}.Debug|Any CPU.Build.0 = Debug|Any CPU
		{90FCDF0A-BE64-4590-A471-75D6BD711193}.Release|Any CPU.ActiveCfg = Release|Any CPU
		{90FCDF0A-BE64-4590-A471-75D6BD711193}.Release|Any CPU.Build.0 = Release|Any CPU
		{0156057E-8535-4F4F-B170-3C42DAACDFB2}.Debug|Any CPU.ActiveCfg = Debug|Any CPU
		{0156057E-8535-4F4F-B170-3C42DAACDFB2}.Debug|Any CPU.Build.0 = Debug|Any CPU
		{0156057E-8535-4F4F-B170-3C42DAACDFB2}.Release|Any CPU.ActiveCfg = Release|Any CPU
		{0156057E-8535-4F4F-B170-3C42DAACDFB2}.Release|Any CPU.Build.0 = Release|Any CPU
	EndGlobalSection
	GlobalSection(SolutionProperties) = preSolution
		HideSolutionNode = FALSE
	EndGlobalSection
	GlobalSection(ExtensibilityGlobals) = postSolution
		SolutionGuid = {14B7E57F-A9A5-4AFE-8114-9274A6ECD8F9}
	EndGlobalSection
EndGlobal
